// !$*UTF8*$!
{
	archiveVersion = 1;
	classes = {
	};
	objectVersion = 50;
	objects = {

/* Begin PBXBuildFile section */
		0F233E1B25D9DC4600AB50E5 /* AppDelegate.swift in Sources */ = {isa = PBXBuildFile; fileRef = 0F233E1A25D9DC4600AB50E5 /* AppDelegate.swift */; };
		0F233E1D25D9DC4600AB50E5 /* SceneDelegate.swift in Sources */ = {isa = PBXBuildFile; fileRef = 0F233E1C25D9DC4600AB50E5 /* SceneDelegate.swift */; };
		0F233E1F25D9DC4600AB50E5 /* ViewController.swift in Sources */ = {isa = PBXBuildFile; fileRef = 0F233E1E25D9DC4600AB50E5 /* ViewController.swift */; };
		0F233E2225D9DC4600AB50E5 /* Main.storyboard in Resources */ = {isa = PBXBuildFile; fileRef = 0F233E2025D9DC4600AB50E5 /* Main.storyboard */; };
		0F233E2425D9DC4800AB50E5 /* Assets.xcassets in Resources */ = {isa = PBXBuildFile; fileRef = 0F233E2325D9DC4800AB50E5 /* Assets.xcassets */; };
		0F233E2725D9DC4800AB50E5 /* LaunchScreen.storyboard in Resources */ = {isa = PBXBuildFile; fileRef = 0F233E2525D9DC4800AB50E5 /* LaunchScreen.storyboard */; };
		0F233E3225D9DC4800AB50E5 /* FitnessTests.swift in Sources */ = {isa = PBXBuildFile; fileRef = 0F233E3125D9DC4800AB50E5 /* FitnessTests.swift */; };
		0F233E3D25D9DC4800AB50E5 /* FitnessUITests.swift in Sources */ = {isa = PBXBuildFile; fileRef = 0F233E3C25D9DC4800AB50E5 /* FitnessUITests.swift */; };
/* End PBXBuildFile section */

/* Begin PBXContainerItemProxy section */
		0F233E2E25D9DC4800AB50E5 /* PBXContainerItemProxy */ = {
			isa = PBXContainerItemProxy;
			containerPortal = 0F233E0F25D9DC4600AB50E5 /* Project object */;
			proxyType = 1;
			remoteGlobalIDString = 0F233E1625D9DC4600AB50E5;
			remoteInfo = Fitness;
		};
		0F233E3925D9DC4800AB50E5 /* PBXContainerItemProxy */ = {
			isa = PBXContainerItemProxy;
			containerPortal = 0F233E0F25D9DC4600AB50E5 /* Project object */;
			proxyType = 1;
			remoteGlobalIDString = 0F233E1625D9DC4600AB50E5;
			remoteInfo = Fitness;
		};
/* End PBXContainerItemProxy section */

/* Begin PBXFileReference section */
		0F233E1725D9DC4600AB50E5 /* Fitness.app */ = {isa = PBXFileReference; explicitFileType = wrapper.application; includeInIndex = 0; path = Fitness.app; sourceTree = BUILT_PRODUCTS_DIR; };
		0F233E1A25D9DC4600AB50E5 /* AppDelegate.swift */ = {isa = PBXFileReference; lastKnownFileType = sourcecode.swift; path = AppDelegate.swift; sourceTree = "<group>"; };
		0F233E1C25D9DC4600AB50E5 /* SceneDelegate.swift */ = {isa = PBXFileReference; lastKnownFileType = sourcecode.swift; path = SceneDelegate.swift; sourceTree = "<group>"; };
		0F233E1E25D9DC4600AB50E5 /* ViewController.swift */ = {isa = PBXFileReference; lastKnownFileType = sourcecode.swift; path = ViewController.swift; sourceTree = "<group>"; };
		0F233E2125D9DC4600AB50E5 /* Base */ = {isa = PBXFileReference; lastKnownFileType = file.storyboard; name = Base; path = Base.lproj/Main.storyboard; sourceTree = "<group>"; };
		0F233E2325D9DC4800AB50E5 /* Assets.xcassets */ = {isa = PBXFileReference; lastKnownFileType = folder.assetcatalog; path = Assets.xcassets; sourceTree = "<group>"; };
		0F233E2625D9DC4800AB50E5 /* Base */ = {isa = PBXFileReference; lastKnownFileType = file.storyboard; name = Base; path = Base.lproj/LaunchScreen.storyboard; sourceTree = "<group>"; };
		0F233E2825D9DC4800AB50E5 /* Info.plist */ = {isa = PBXFileReference; lastKnownFileType = text.plist.xml; path = Info.plist; sourceTree = "<group>"; };
		0F233E2D25D9DC4800AB50E5 /* FitnessTests.xctest */ = {isa = PBXFileReference; explicitFileType = wrapper.cfbundle; includeInIndex = 0; path = FitnessTests.xctest; sourceTree = BUILT_PRODUCTS_DIR; };
		0F233E3125D9DC4800AB50E5 /* FitnessTests.swift */ = {isa = PBXFileReference; lastKnownFileType = sourcecode.swift; path = FitnessTests.swift; sourceTree = "<group>"; };
		0F233E3325D9DC4800AB50E5 /* Info.plist */ = {isa = PBXFileReference; lastKnownFileType = text.plist.xml; path = Info.plist; sourceTree = "<group>"; };
		0F233E3825D9DC4800AB50E5 /* FitnessUITests.xctest */ = {isa = PBXFileReference; explicitFileType = wrapper.cfbundle; includeInIndex = 0; path = FitnessUITests.xctest; sourceTree = BUILT_PRODUCTS_DIR; };
		0F233E3C25D9DC4800AB50E5 /* FitnessUITests.swift */ = {isa = PBXFileReference; lastKnownFileType = sourcecode.swift; path = FitnessUITests.swift; sourceTree = "<group>"; };
		0F233E3E25D9DC4800AB50E5 /* Info.plist */ = {isa = PBXFileReference; lastKnownFileType = text.plist.xml; path = Info.plist; sourceTree = "<group>"; };
/* End PBXFileReference section */

/* Begin PBXFrameworksBuildPhase section */
		0F233E1425D9DC4600AB50E5 /* Frameworks */ = {
			isa = PBXFrameworksBuildPhase;
			buildActionMask = 2147483647;
			files = (
			);
			runOnlyForDeploymentPostprocessing = 0;
		};
		0F233E2A25D9DC4800AB50E5 /* Frameworks */ = {
			isa = PBXFrameworksBuildPhase;
			buildActionMask = 2147483647;
			files = (
			);
			runOnlyForDeploymentPostprocessing = 0;
		};
		0F233E3525D9DC4800AB50E5 /* Frameworks */ = {
			isa = PBXFrameworksBuildPhase;
			buildActionMask = 2147483647;
			files = (
			);
			runOnlyForDeploymentPostprocessing = 0;
		};
/* End PBXFrameworksBuildPhase section */

/* Begin PBXGroup section */
		0F233E0E25D9DC4600AB50E5 = {
			isa = PBXGroup;
			children = (
				0F233E1925D9DC4600AB50E5 /* Fitness */,
				0F233E3025D9DC4800AB50E5 /* FitnessTests */,
				0F233E3B25D9DC4800AB50E5 /* FitnessUITests */,
				0F233E1825D9DC4600AB50E5 /* Products */,
			);
			sourceTree = "<group>";
		};
		0F233E1825D9DC4600AB50E5 /* Products */ = {
			isa = PBXGroup;
			children = (
				0F233E1725D9DC4600AB50E5 /* Fitness.app */,
				0F233E2D25D9DC4800AB50E5 /* FitnessTests.xctest */,
				0F233E3825D9DC4800AB50E5 /* FitnessUITests.xctest */,
			);
			name = Products;
			sourceTree = "<group>";
		};
		0F233E1925D9DC4600AB50E5 /* Fitness */ = {
			isa = PBXGroup;
			children = (
				0F233E1A25D9DC4600AB50E5 /* AppDelegate.swift */,
				0F233E1C25D9DC4600AB50E5 /* SceneDelegate.swift */,
				0F233E1E25D9DC4600AB50E5 /* ViewController.swift */,
				0F233E2025D9DC4600AB50E5 /* Main.storyboard */,
				0F233E2325D9DC4800AB50E5 /* Assets.xcassets */,
				0F233E2525D9DC4800AB50E5 /* LaunchScreen.storyboard */,
				0F233E2825D9DC4800AB50E5 /* Info.plist */,
			);
			path = Fitness;
			sourceTree = "<group>";
		};
		0F233E3025D9DC4800AB50E5 /* FitnessTests */ = {
			isa = PBXGroup;
			children = (
				0F233E3125D9DC4800AB50E5 /* FitnessTests.swift */,
				0F233E3325D9DC4800AB50E5 /* Info.plist */,
			);
			path = FitnessTests;
			sourceTree = "<group>";
		};
		0F233E3B25D9DC4800AB50E5 /* FitnessUITests */ = {
			isa = PBXGroup;
			children = (
				0F233E3C25D9DC4800AB50E5 /* FitnessUITests.swift */,
				0F233E3E25D9DC4800AB50E5 /* Info.plist */,
			);
			path = FitnessUITests;
			sourceTree = "<group>";
		};
/* End PBXGroup section */

/* Begin PBXNativeTarget section */
		0F233E1625D9DC4600AB50E5 /* Fitness */ = {
			isa = PBXNativeTarget;
			buildConfigurationList = 0F233E4125D9DC4800AB50E5 /* Build configuration list for PBXNativeTarget "Fitness" */;
			buildPhases = (
				0F233E1325D9DC4600AB50E5 /* Sources */,
				0F233E1425D9DC4600AB50E5 /* Frameworks */,
				0F233E1525D9DC4600AB50E5 /* Resources */,
			);
			buildRules = (
			);
			dependencies = (
			);
			name = Fitness;
			productName = Fitness;
			productReference = 0F233E1725D9DC4600AB50E5 /* Fitness.app */;
			productType = "com.apple.product-type.application";
		};
		0F233E2C25D9DC4800AB50E5 /* FitnessTests */ = {
			isa = PBXNativeTarget;
			buildConfigurationList = 0F233E4425D9DC4800AB50E5 /* Build configuration list for PBXNativeTarget "FitnessTests" */;
			buildPhases = (
				0F233E2925D9DC4800AB50E5 /* Sources */,
				0F233E2A25D9DC4800AB50E5 /* Frameworks */,
				0F233E2B25D9DC4800AB50E5 /* Resources */,
			);
			buildRules = (
			);
			dependencies = (
				0F233E2F25D9DC4800AB50E5 /* PBXTargetDependency */,
			);
			name = FitnessTests;
			productName = FitnessTests;
			productReference = 0F233E2D25D9DC4800AB50E5 /* FitnessTests.xctest */;
			productType = "com.apple.product-type.bundle.unit-test";
		};
		0F233E3725D9DC4800AB50E5 /* FitnessUITests */ = {
			isa = PBXNativeTarget;
			buildConfigurationList = 0F233E4725D9DC4800AB50E5 /* Build configuration list for PBXNativeTarget "FitnessUITests" */;
			buildPhases = (
				0F233E3425D9DC4800AB50E5 /* Sources */,
				0F233E3525D9DC4800AB50E5 /* Frameworks */,
				0F233E3625D9DC4800AB50E5 /* Resources */,
			);
			buildRules = (
			);
			dependencies = (
				0F233E3A25D9DC4800AB50E5 /* PBXTargetDependency */,
			);
			name = FitnessUITests;
			productName = FitnessUITests;
			productReference = 0F233E3825D9DC4800AB50E5 /* FitnessUITests.xctest */;
			productType = "com.apple.product-type.bundle.ui-testing";
		};
/* End PBXNativeTarget section */

/* Begin PBXProject section */
		0F233E0F25D9DC4600AB50E5 /* Project object */ = {
			isa = PBXProject;
			attributes = {
				LastSwiftUpdateCheck = 1200;
				LastUpgradeCheck = 1200;
				TargetAttributes = {
					0F233E1625D9DC4600AB50E5 = {
						CreatedOnToolsVersion = 12.0.1;
					};
					0F233E2C25D9DC4800AB50E5 = {
						CreatedOnToolsVersion = 12.0.1;
						TestTargetID = 0F233E1625D9DC4600AB50E5;
					};
					0F233E3725D9DC4800AB50E5 = {
						CreatedOnToolsVersion = 12.0.1;
						TestTargetID = 0F233E1625D9DC4600AB50E5;
					};
				};
			};
			buildConfigurationList = 0F233E1225D9DC4600AB50E5 /* Build configuration list for PBXProject "Fitness" */;
			compatibilityVersion = "Xcode 9.3";
			developmentRegion = en;
			hasScannedForEncodings = 0;
			knownRegions = (
				en,
				Base,
			);
			mainGroup = 0F233E0E25D9DC4600AB50E5;
			productRefGroup = 0F233E1825D9DC4600AB50E5 /* Products */;
			projectDirPath = "";
			projectRoot = "";
			targets = (
				0F233E1625D9DC4600AB50E5 /* Fitness */,
				0F233E2C25D9DC4800AB50E5 /* FitnessTests */,
				0F233E3725D9DC4800AB50E5 /* FitnessUITests */,
			);
		};
/* End PBXProject section */

/* Begin PBXResourcesBuildPhase section */
		0F233E1525D9DC4600AB50E5 /* Resources */ = {
			isa = PBXResourcesBuildPhase;
			buildActionMask = 2147483647;
			files = (
				0F233E2725D9DC4800AB50E5 /* LaunchScreen.storyboard in Resources */,
				0F233E2425D9DC4800AB50E5 /* Assets.xcassets in Resources */,
				0F233E2225D9DC4600AB50E5 /* Main.storyboard in Resources */,
			);
			runOnlyForDeploymentPostprocessing = 0;
		};
		0F233E2B25D9DC4800AB50E5 /* Resources */ = {
			isa = PBXResourcesBuildPhase;
			buildActionMask = 2147483647;
			files = (
			);
			runOnlyForDeploymentPostprocessing = 0;
		};
		0F233E3625D9DC4800AB50E5 /* Resources */ = {
			isa = PBXResourcesBuildPhase;
			buildActionMask = 2147483647;
			files = (
			);
			runOnlyForDeploymentPostprocessing = 0;
		};
/* End PBXResourcesBuildPhase section */

/* Begin PBXSourcesBuildPhase section */
		0F233E1325D9DC4600AB50E5 /* Sources */ = {
			isa = PBXSourcesBuildPhase;
			buildActionMask = 2147483647;
			files = (
				0F233E1F25D9DC4600AB50E5 /* ViewController.swift in Sources */,
				0F233E1B25D9DC4600AB50E5 /* AppDelegate.swift in Sources */,
				0F233E1D25D9DC4600AB50E5 /* SceneDelegate.swift in Sources */,
			);
			runOnlyForDeploymentPostprocessing = 0;
		};
		0F233E2925D9DC4800AB50E5 /* Sources */ = {
			isa = PBXSourcesBuildPhase;
			buildActionMask = 2147483647;
			files = (
				0F233E3225D9DC4800AB50E5 /* FitnessTests.swift in Sources */,
			);
			runOnlyForDeploymentPostprocessing = 0;
		};
		0F233E3425D9DC4800AB50E5 /* Sources */ = {
			isa = PBXSourcesBuildPhase;
			buildActionMask = 2147483647;
			files = (
				0F233E3D25D9DC4800AB50E5 /* FitnessUITests.swift in Sources */,
			);
			runOnlyForDeploymentPostprocessing = 0;
		};
/* End PBXSourcesBuildPhase section */

/* Begin PBXTargetDependency section */
		0F233E2F25D9DC4800AB50E5 /* PBXTargetDependency */ = {
			isa = PBXTargetDependency;
			target = 0F233E1625D9DC4600AB50E5 /* Fitness */;
			targetProxy = 0F233E2E25D9DC4800AB50E5 /* PBXContainerItemProxy */;
		};
		0F233E3A25D9DC4800AB50E5 /* PBXTargetDependency */ = {
			isa = PBXTargetDependency;
			target = 0F233E1625D9DC4600AB50E5 /* Fitness */;
			targetProxy = 0F233E3925D9DC4800AB50E5 /* PBXContainerItemProxy */;
		};
/* End PBXTargetDependency section */

/* Begin PBXVariantGroup section */
		0F233E2025D9DC4600AB50E5 /* Main.storyboard */ = {
			isa = PBXVariantGroup;
			children = (
				0F233E2125D9DC4600AB50E5 /* Base */,
			);
			name = Main.storyboard;
			sourceTree = "<group>";
		};
		0F233E2525D9DC4800AB50E5 /* LaunchScreen.storyboard */ = {
			isa = PBXVariantGroup;
			children = (
				0F233E2625D9DC4800AB50E5 /* Base */,
			);
			name = LaunchScreen.storyboard;
			sourceTree = "<group>";
		};
/* End PBXVariantGroup section */

/* Begin XCBuildConfiguration section */
		0F233E3F25D9DC4800AB50E5 /* Debug */ = {
			isa = XCBuildConfiguration;
			buildSettings = {
				ALWAYS_SEARCH_USER_PATHS = NO;
				CLANG_ANALYZER_NONNULL = YES;
				CLANG_ANALYZER_NUMBER_OBJECT_CONVERSION = YES_AGGRESSIVE;
				CLANG_CXX_LANGUAGE_STANDARD = "gnu++14";
				CLANG_CXX_LIBRARY = "libc++";
				CLANG_ENABLE_MODULES = YES;
				CLANG_ENABLE_OBJC_ARC = YES;
				CLANG_ENABLE_OBJC_WEAK = YES;
				CLANG_WARN_BLOCK_CAPTURE_AUTORELEASING = YES;
				CLANG_WARN_BOOL_CONVERSION = YES;
				CLANG_WARN_COMMA = YES;
				CLANG_WARN_CONSTANT_CONVERSION = YES;
				CLANG_WARN_DEPRECATED_OBJC_IMPLEMENTATIONS = YES;
				CLANG_WARN_DIRECT_OBJC_ISA_USAGE = YES_ERROR;
				CLANG_WARN_DOCUMENTATION_COMMENTS = YES;
				CLANG_WARN_EMPTY_BODY = YES;
				CLANG_WARN_ENUM_CONVERSION = YES;
				CLANG_WARN_INFINITE_RECURSION = YES;
				CLANG_WARN_INT_CONVERSION = YES;
				CLANG_WARN_NON_LITERAL_NULL_CONVERSION = YES;
				CLANG_WARN_OBJC_IMPLICIT_RETAIN_SELF = YES;
				CLANG_WARN_OBJC_LITERAL_CONVERSION = YES;
				CLANG_WARN_OBJC_ROOT_CLASS = YES_ERROR;
				CLANG_WARN_QUOTED_INCLUDE_IN_FRAMEWORK_HEADER = YES;
				CLANG_WARN_RANGE_LOOP_ANALYSIS = YES;
				CLANG_WARN_STRICT_PROTOTYPES = YES;
				CLANG_WARN_SUSPICIOUS_MOVE = YES;
				CLANG_WARN_UNGUARDED_AVAILABILITY = YES_AGGRESSIVE;
				CLANG_WARN_UNREACHABLE_CODE = YES;
				CLANG_WARN__DUPLICATE_METHOD_MATCH = YES;
				COPY_PHASE_STRIP = NO;
				DEBUG_INFORMATION_FORMAT = dwarf;
				ENABLE_STRICT_OBJC_MSGSEND = YES;
				ENABLE_TESTABILITY = YES;
				GCC_C_LANGUAGE_STANDARD = gnu11;
				GCC_DYNAMIC_NO_PIC = NO;
				GCC_NO_COMMON_BLOCKS = YES;
				GCC_OPTIMIZATION_LEVEL = 0;
				GCC_PREPROCESSOR_DEFINITIONS = (
					"DEBUG=1",
					"$(inherited)",
				);
				GCC_WARN_64_TO_32_BIT_CONVERSION = YES;
				GCC_WARN_ABOUT_RETURN_TYPE = YES_ERROR;
				GCC_WARN_UNDECLARED_SELECTOR = YES;
				GCC_WARN_UNINITIALIZED_AUTOS = YES_AGGRESSIVE;
				GCC_WARN_UNUSED_FUNCTION = YES;
				GCC_WARN_UNUSED_VARIABLE = YES;
				IPHONEOS_DEPLOYMENT_TARGET = 14.0;
				MTL_ENABLE_DEBUG_INFO = INCLUDE_SOURCE;
				MTL_FAST_MATH = YES;
				ONLY_ACTIVE_ARCH = YES;
				SDKROOT = iphoneos;
				SWIFT_ACTIVE_COMPILATION_CONDITIONS = DEBUG;
				SWIFT_OPTIMIZATION_LEVEL = "-Onone";
			};
			name = Debug;
		};
		0F233E4025D9DC4800AB50E5 /* Release */ = {
			isa = XCBuildConfiguration;
			buildSettings = {
				ALWAYS_SEARCH_USER_PATHS = NO;
				CLANG_ANALYZER_NONNULL = YES;
				CLANG_ANALYZER_NUMBER_OBJECT_CONVERSION = YES_AGGRESSIVE;
				CLANG_CXX_LANGUAGE_STANDARD = "gnu++14";
				CLANG_CXX_LIBRARY = "libc++";
				CLANG_ENABLE_MODULES = YES;
				CLANG_ENABLE_OBJC_ARC = YES;
				CLANG_ENABLE_OBJC_WEAK = YES;
				CLANG_WARN_BLOCK_CAPTURE_AUTORELEASING = YES;
				CLANG_WARN_BOOL_CONVERSION = YES;
				CLANG_WARN_COMMA = YES;
				CLANG_WARN_CONSTANT_CONVERSION = YES;
				CLANG_WARN_DEPRECATED_OBJC_IMPLEMENTATIONS = YES;
				CLANG_WARN_DIRECT_OBJC_ISA_USAGE = YES_ERROR;
				CLANG_WARN_DOCUMENTATION_COMMENTS = YES;
				CLANG_WARN_EMPTY_BODY = YES;
				CLANG_WARN_ENUM_CONVERSION = YES;
				CLANG_WARN_INFINITE_RECURSION = YES;
				CLANG_WARN_INT_CONVERSION = YES;
				CLANG_WARN_NON_LITERAL_NULL_CONVERSION = YES;
				CLANG_WARN_OBJC_IMPLICIT_RETAIN_SELF = YES;
				CLANG_WARN_OBJC_LITERAL_CONVERSION = YES;
				CLANG_WARN_OBJC_ROOT_CLASS = YES_ERROR;
				CLANG_WARN_QUOTED_INCLUDE_IN_FRAMEWORK_HEADER = YES;
				CLANG_WARN_RANGE_LOOP_ANALYSIS = YES;
				CLANG_WARN_STRICT_PROTOTYPES = YES;
				CLANG_WARN_SUSPICIOUS_MOVE = YES;
				CLANG_WARN_UNGUARDED_AVAILABILITY = YES_AGGRESSIVE;
				CLANG_WARN_UNREACHABLE_CODE = YES;
				CLANG_WARN__DUPLICATE_METHOD_MATCH = YES;
				COPY_PHASE_STRIP = NO;
				DEBUG_INFORMATION_FORMAT = "dwarf-with-dsym";
				ENABLE_NS_ASSERTIONS = NO;
				ENABLE_STRICT_OBJC_MSGSEND = YES;
				GCC_C_LANGUAGE_STANDARD = gnu11;
				GCC_NO_COMMON_BLOCKS = YES;
				GCC_WARN_64_TO_32_BIT_CONVERSION = YES;
				GCC_WARN_ABOUT_RETURN_TYPE = YES_ERROR;
				GCC_WARN_UNDECLARED_SELECTOR = YES;
				GCC_WARN_UNINITIALIZED_AUTOS = YES_AGGRESSIVE;
				GCC_WARN_UNUSED_FUNCTION = YES;
				GCC_WARN_UNUSED_VARIABLE = YES;
				IPHONEOS_DEPLOYMENT_TARGET = 14.0;
				MTL_ENABLE_DEBUG_INFO = NO;
				MTL_FAST_MATH = YES;
				SDKROOT = iphoneos;
				SWIFT_COMPILATION_MODE = wholemodule;
				SWIFT_OPTIMIZATION_LEVEL = "-O";
				VALIDATE_PRODUCT = YES;
			};
			name = Release;
		};
		0F233E4225D9DC4800AB50E5 /* Debug */ = {
			isa = XCBuildConfiguration;
			buildSettings = {
				ASSETCATALOG_COMPILER_APPICON_NAME = AppIcon;
				ASSETCATALOG_COMPILER_GLOBAL_ACCENT_COLOR_NAME = AccentColor;
				CODE_SIGN_STYLE = Automatic;
				DEVELOPMENT_TEAM = 9PYV65794G;
				INFOPLIST_FILE = Fitness/Info.plist;
				IPHONEOS_DEPLOYMENT_TARGET = 14.0;
				LD_RUNPATH_SEARCH_PATHS = (
					"$(inherited)",
					"@executable_path/Frameworks",
				);
				PRODUCT_BUNDLE_IDENTIFIER = com.Zeapp.Fitness;
				PRODUCT_NAME = "$(TARGET_NAME)";
				SWIFT_VERSION = 5.0;
				TARGETED_DEVICE_FAMILY = "1,2";
			};
			name = Debug;
		};
		0F233E4325D9DC4800AB50E5 /* Release */ = {
			isa = XCBuildConfiguration;
			buildSettings = {
				ASSETCATALOG_COMPILER_APPICON_NAME = AppIcon;
				ASSETCATALOG_COMPILER_GLOBAL_ACCENT_COLOR_NAME = AccentColor;
				CODE_SIGN_STYLE = Automatic;
				DEVELOPMENT_TEAM = 9PYV65794G;
				INFOPLIST_FILE = Fitness/Info.plist;
				IPHONEOS_DEPLOYMENT_TARGET = 14.0;
				LD_RUNPATH_SEARCH_PATHS = (
					"$(inherited)",
					"@executable_path/Frameworks",
				);
				PRODUCT_BUNDLE_IDENTIFIER = com.Zeapp.Fitness;
				PRODUCT_NAME = "$(TARGET_NAME)";
				SWIFT_VERSION = 5.0;
				TARGETED_DEVICE_FAMILY = "1,2";
			};
			name = Release;
		};
		0F233E4525D9DC4800AB50E5 /* Debug */ = {
			isa = XCBuildConfiguration;
			buildSettings = {
				ALWAYS_EMBED_SWIFT_STANDARD_LIBRARIES = YES;
				BUNDLE_LOADER = "$(TEST_HOST)";
				CODE_SIGN_STYLE = Automatic;
				DEVELOPMENT_TEAM = 9PYV65794G;
				INFOPLIST_FILE = FitnessTests/Info.plist;
				IPHONEOS_DEPLOYMENT_TARGET = 14.0;
				LD_RUNPATH_SEARCH_PATHS = (
					"$(inherited)",
					"@executable_path/Frameworks",
					"@loader_path/Frameworks",
				);
				PRODUCT_BUNDLE_IDENTIFIER = com.Zeapp.FitnessTests;
				PRODUCT_NAME = "$(TARGET_NAME)";
				SWIFT_VERSION = 5.0;
				TARGETED_DEVICE_FAMILY = "1,2";
				TEST_HOST = "$(BUILT_PRODUCTS_DIR)/Fitness.app/Fitness";
			};
			name = Debug;
		};
		0F233E4625D9DC4800AB50E5 /* Release */ = {
			isa = XCBuildConfiguration;
			buildSettings = {
				ALWAYS_EMBED_SWIFT_STANDARD_LIBRARIES = YES;
				BUNDLE_LOADER = "$(TEST_HOST)";
				CODE_SIGN_STYLE = Automatic;
				DEVELOPMENT_TEAM = 9PYV65794G;
				INFOPLIST_FILE = FitnessTests/Info.plist;
				IPHONEOS_DEPLOYMENT_TARGET = 14.0;
				LD_RUNPATH_SEARCH_PATHS = (
					"$(inherited)",
					"@executable_path/Frameworks",
					"@loader_path/Frameworks",
				);
				PRODUCT_BUNDLE_IDENTIFIER = com.Zeapp.FitnessTests;
				PRODUCT_NAME = "$(TARGET_NAME)";
				SWIFT_VERSION = 5.0;
				TARGETED_DEVICE_FAMILY = "1,2";
				TEST_HOST = "$(BUILT_PRODUCTS_DIR)/Fitness.app/Fitness";
			};
			name = Release;
		};
		0F233E4825D9DC4800AB50E5 /* Debug */ = {
			isa = XCBuildConfiguration;
			buildSettings = {
				ALWAYS_EMBED_SWIFT_STANDARD_LIBRARIES = YES;
				CODE_SIGN_STYLE = Automatic;
				DEVELOPMENT_TEAM = 9PYV65794G;
				INFOPLIST_FILE = FitnessUITests/Info.plist;
				LD_RUNPATH_SEARCH_PATHS = (
					"$(inherited)",
					"@executable_path/Frameworks",
					"@loader_path/Frameworks",
				);
				PRODUCT_BUNDLE_IDENTIFIER = com.Zeapp.FitnessUITests;
				PRODUCT_NAME = "$(TARGET_NAME)";
				SWIFT_VERSION = 5.0;
				TARGETED_DEVICE_FAMILY = "1,2";
				TEST_TARGET_NAME = Fitness;
			};
			name = Debug;
		};
		0F233E4925D9DC4800AB50E5 /* Release */ = {
			isa = XCBuildConfiguration;
			buildSettings = {
				ALWAYS_EMBED_SWIFT_STANDARD_LIBRARIES = YES;
				CODE_SIGN_STYLE = Automatic;
				DEVELOPMENT_TEAM = 9PYV65794G;
				INFOPLIST_FILE = FitnessUITests/Info.plist;
				LD_RUNPATH_SEARCH_PATHS = (
					"$(inherited)",
					"@executable_path/Frameworks",
					"@loader_path/Frameworks",
				);
				PRODUCT_BUNDLE_IDENTIFIER = com.Zeapp.FitnessUITests;
				PRODUCT_NAME = "$(TARGET_NAME)";
				SWIFT_VERSION = 5.0;
				TARGETED_DEVICE_FAMILY = "1,2";
				TEST_TARGET_NAME = Fitness;
			};
			name = Release;
		};
/* End XCBuildConfiguration section */

/* Begin XCConfigurationList section */
		0F233E1225D9DC4600AB50E5 /* Build configuration list for PBXProject "Fitness" */ = {
			isa = XCConfigurationList;
			buildConfigurations = (
				0F233E3F25D9DC4800AB50E5 /* Debug */,
				0F233E4025D9DC4800AB50E5 /* Release */,
			);
			defaultConfigurationIsVisible = 0;
			defaultConfigurationName = Release;
		};
		0F233E4125D9DC4800AB50E5 /* Build configuration list for PBXNativeTarget "Fitness" */ = {
			isa = XCConfigurationList;
			buildConfigurations = (
				0F233E4225D9DC4800AB50E5 /* Debug */,
				0F233E4325D9DC4800AB50E5 /* Release */,
			);
			defaultConfigurationIsVisible = 0;
			defaultConfigurationName = Release;
		};
		0F233E4425D9DC4800AB50E5 /* Build configuration list for PBXNativeTarget "FitnessTests" */ = {
			isa = XCConfigurationList;
			buildConfigurations = (
				0F233E4525D9DC4800AB50E5 /* Debug */,
				0F233E4625D9DC4800AB50E5 /* Release */,
			);
			defaultConfigurationIsVisible = 0;
			defaultConfigurationName = Release;
		};
		0F233E4725D9DC4800AB50E5 /* Build configuration list for PBXNativeTarget "FitnessUITests" */ = {
			isa = XCConfigurationList;
			buildConfigurations = (
				0F233E4825D9DC4800AB50E5 /* Debug */,
				0F233E4925D9DC4800AB50E5 /* Release */,
			);
			defaultConfigurationIsVisible = 0;
			defaultConfigurationName = Release;
		};
/* End XCConfigurationList section */
	};
	rootObject = 0F233E0F25D9DC4600AB50E5 /* Project object */;
}
